
Microsoft Visual Studio Solution File, Format Version 12.00
# Visual Studio 15
VisualStudioVersion = 15.0.27130.2010
MinimumVisualStudioVersion = 10.0.40219.1
Project("{FAE04EC0-301F-11D3-BF4B-00C04F79EFBC}") = "TCPServer", "Exercise35NewVersion\TCPServer.csproj", "{00E466AB-E015-48C0-B07E-927EC4E5DA36}"
EndProject
Project("{FAE04EC0-301F-11D3-BF4B-00C04F79EFBC}") = "TCPClient", "TCPClient\TCPClient.csproj", "{8B2773B2-8ED8-404C-8B44-7FF618E03731}"
EndProject
Global
	GlobalSection(SolutionConfigurationPlatforms) = preSolution
		Debug|Any CPU = Debug|Any CPU
		Release|Any CPU = Release|Any CPU
	EndGlobalSection
	GlobalSection(ProjectConfigurationPlatforms) = postSolution
		{00E466AB-E015-48C0-B07E-927EC4E5DA36}.Debug|Any CPU.ActiveCfg = Debug|Any CPU
		{00E466AB-E015-48C0-B07E-927EC4E5DA36}.Debug|Any CPU.Build.0 = Debug|Any CPU
		{00E466AB-E015-48C0-B07E-927EC4E5DA36}.Release|Any CPU.ActiveCfg = Release|Any CPU
		{00E466AB-E015-48C0-B07E-927EC4E5DA36}.Release|Any CPU.Build.0 = Release|Any CPU
		{8B2773B2-8ED8-404C-8B44-7FF618E03731}.Debug|Any CPU.ActiveCfg = Debug|Any CPU
		{8B2773B2-8ED8-404C-8B44-7FF618E03731}.Debug|Any CPU.Build.0 = Debug|Any CPU
		{8B2773B2-8ED8-404C-8B44-7FF618E03731}.Release|Any CPU.ActiveCfg = Release|Any CPU
		{8B2773B2-8ED8-404C-8B44-7FF618E03731}.Release|Any CPU.Build.0 = Release|Any CPU
	EndGlobalSection
	GlobalSection(SolutionProperties) = preSolution
		HideSolutionNode = FALSE
	EndGlobalSection
	GlobalSection(ExtensibilityGlobals) = postSolution
		SolutionGuid = {62ADD01E-755C-477D-A55B-34BDF9FE2846}
	EndGlobalSection
EndGlobal
